version = 1
revision = 3
requires-python = "==3.11.*"

[[package]]
name = "bases-datos-vectoriales"
version = "1.0.0"
source = { virtual = "." }
dependencies = [
    { name = "numpy" },
    { name = "psycopg", extra = ["binary"] },
    { name = "pymongo" },
]

[package.metadata]
requires-dist = [
    { name = "numpy", specifier = "==2.3.3" },
    { name = "psycopg", extras = ["binary"], specifier = "==3.3.4" },
    { name = "pymongo", specifier = "==4.17.0" },
]

[[package]]
name = "dnspython"
version = "2.8.0"
source = { registry = "https://pypi.org/simple" }
sdist = { url = "https://files.pythonhosted.org/packages/8c/8b/57666417c0f90f08bcafa776861060426765fdb422eb10212086fb811d26/dnspython-2.8.0.tar.gz", hash = "sha256:181d3c6996452cb1189c4046c61599b84a5a86e099562ffde77d26984ff26d0f", size = 368251, upload-time = "2025-09-07T18:58:00.022Z" }
wheels = [
    { url = "https://files.pythonhosted.org/packages/ba/5a/18ad964b0086c6e62e2e7500f7edc89e3faa45033c71c1893d34eed2b2de/dnspython-2.8.0-py3-none-any.whl", hash = "sha256:01d9bbc4a2d76bf0db7c1f729812ded6d912bd318d3b1cf81d30c0f845dbf3af", size = 331094, upload-time = "2025-09-07T18:57:58.071Z" },
]

[[package]]
name = "numpy"
version = "2.3.3"
source = { registry = "https://pypi.org/simple" }
sdist = { url = "https://files.pythonhosted.org/packages/d0/19/95b3d357407220ed24c139018d2518fab0a61a948e68286a25f1a4d049ff/numpy-2.3.3.tar.gz", hash = "sha256:ddc7c39727ba62b80dfdbedf400d1c10ddfa8eefbd7ec8dcb118be8b56d31029", size = 20576648, upload-time = "2025-09-09T16:54:12.543Z" }
wheels = [
    { url = "https://files.pythonhosted.org/packages/7a/45/e80d203ef6b267aa29b22714fb558930b27960a0c5ce3c19c999232bb3eb/numpy-2.3.3-cp311-cp311-macosx_10_9_x86_64.whl", hash = "sha256:0ffc4f5caba7dfcbe944ed674b7eef683c7e94874046454bb79ed7ee0236f59d", size = 21259253, upload-time = "2025-09-09T15:56:02.094Z" },
    { url = "https://files.pythonhosted.org/packages/52/18/cf2c648fccf339e59302e00e5f2bc87725a3ce1992f30f3f78c9044d7c43/numpy-2.3.3-cp311-cp311-macosx_11_0_arm64.whl", hash = "sha256:e7e946c7170858a0295f79a60214424caac2ffdb0063d4d79cb681f9aa0aa569", size = 14450980, upload-time = "2025-09-09T15:56:05.926Z" },
    { url = "https://files.pythonhosted.org/packages/93/fb/9af1082bec870188c42a1c239839915b74a5099c392389ff04215dcee812/numpy-2.3.3-cp311-cp311-macosx_14_0_arm64.whl", hash = "sha256:cd4260f64bc794c3390a63bf0728220dd1a68170c169088a1e0dfa2fde1be12f", size = 5379709, upload-time = "2025-09-09T15:56:07.95Z" },
    { url = "https://files.pythonhosted.org/packages/75/0f/bfd7abca52bcbf9a4a65abc83fe18ef01ccdeb37bfb28bbd6ad613447c79/numpy-2.3.3-cp311-cp311-macosx_14_0_x86_64.whl", hash = "sha256:f0ddb4b96a87b6728df9362135e764eac3cfa674499943ebc44ce96c478ab125", size = 6913923, upload-time = "2025-09-09T15:56:09.443Z" },
    { url = "https://files.pythonhosted.org/packages/79/55/d69adad255e87ab7afda1caf93ca997859092afeb697703e2f010f7c2e55/numpy-2.3.3-cp311-cp311-manylinux_2_27_aarch64.manylinux_2_28_aarch64.whl", hash = "sha256:afd07d377f478344ec6ca2b8d4ca08ae8bd44706763d1efb56397de606393f48", size = 14589591, upload-time = "2025-09-09T15:56:11.234Z" },
    { url = "https://files.pythonhosted.org/packages/10/a2/010b0e27ddeacab7839957d7a8f00e91206e0c2c47abbb5f35a2630e5387/numpy-2.3.3-cp311-cp311-manylinux_2_27_x86_64.manylinux_2_28_x86_64.whl", hash = "sha256:bc92a5dedcc53857249ca51ef29f5e5f2f8c513e22cfb90faeb20343b8c6f7a6", size = 16938714, upload-time = "2025-09-09T15:56:14.637Z" },
    { url = "https://files.pythonhosted.org/packages/1c/6b/12ce8ede632c7126eb2762b9e15e18e204b81725b81f35176eac14dc5b82/numpy-2.3.3-cp311-cp311-musllinux_1_2_aarch64.whl", hash = "sha256:7af05ed4dc19f308e1d9fc759f36f21921eb7bbfc82843eeec6b2a2863a0aefa", size = 16370592, upload-time = "2025-09-09T15:56:17.285Z" },
    { url = "https://files.pythonhosted.org/packages/b4/35/aba8568b2593067bb6a8fe4c52babb23b4c3b9c80e1b49dff03a09925e4a/numpy-2.3.3-cp311-cp311-musllinux_1_2_x86_64.whl", hash = "sha256:433bf137e338677cebdd5beac0199ac84712ad9d630b74eceeb759eaa45ddf30", size = 18884474, upload-time = "2025-09-09T15:56:20.943Z" },
    { url = "https://files.pythonhosted.org/packages/45/fa/7f43ba10c77575e8be7b0138d107e4f44ca4a1ef322cd16980ea3e8b8222/numpy-2.3.3-cp311-cp311-win32.whl", hash = "sha256:eb63d443d7b4ffd1e873f8155260d7f58e7e4b095961b01c91062935c2491e57", size = 6599794, upload-time = "2025-09-09T15:56:23.258Z" },
    { url = "https://files.pythonhosted.org/packages/0a/a2/a4f78cb2241fe5664a22a10332f2be886dcdea8784c9f6a01c272da9b426/numpy-2.3.3-cp311-cp311-win_amd64.whl", hash = "sha256:ec9d249840f6a565f58d8f913bccac2444235025bbb13e9a4681783572ee3caa", size = 13088104, upload-time = "2025-09-09T15:56:25.476Z" },
    { url = "https://files.pythonhosted.org/packages/79/64/e424e975adbd38282ebcd4891661965b78783de893b381cbc4832fb9beb2/numpy-2.3.3-cp311-cp311-win_arm64.whl", hash = "sha256:74c2a948d02f88c11a3c075d9733f1ae67d97c6bdb97f2bb542f980458b257e7", size = 10460772, upload-time = "2025-09-09T15:56:27.679Z" },
    { url = "https://files.pythonhosted.org/packages/b8/f2/7e0a37cfced2644c9563c529f29fa28acbd0960dde32ece683aafa6f4949/numpy-2.3.3-pp311-pypy311_pp73-macosx_10_15_x86_64.whl", hash = "sha256:1e02c7159791cd481e1e6d5ddd766b62a4d5acf8df4d4d1afe35ee9c5c33a41e", size = 21131019, upload-time = "2025-09-09T15:58:42.838Z" },
    { url = "https://files.pythonhosted.org/packages/1a/7e/3291f505297ed63831135a6cc0f474da0c868a1f31b0dd9a9f03a7a0d2ed/numpy-2.3.3-pp311-pypy311_pp73-macosx_11_0_arm64.whl", hash = "sha256:dca2d0fc80b3893ae72197b39f69d55a3cd8b17ea1b50aa4c62de82419936150", size = 14376288, upload-time = "2025-09-09T15:58:45.425Z" },
    { url = "https://files.pythonhosted.org/packages/bf/4b/ae02e985bdeee73d7b5abdefeb98aef1207e96d4c0621ee0cf228ddfac3c/numpy-2.3.3-pp311-pypy311_pp73-macosx_14_0_arm64.whl", hash = "sha256:99683cbe0658f8271b333a1b1b4bb3173750ad59c0c61f5bbdc5b318918fffe3", size = 5305425, upload-time = "2025-09-09T15:58:48.6Z" },
    { url = "https://files.pythonhosted.org/packages/8b/eb/9df215d6d7250db32007941500dc51c48190be25f2401d5b2b564e467247/numpy-2.3.3-pp311-pypy311_pp73-macosx_14_0_x86_64.whl", hash = "sha256:d9d537a39cc9de668e5cd0e25affb17aec17b577c6b3ae8a3d866b479fbe88d0", size = 6819053, upload-time = "2025-09-09T15:58:50.401Z" },
    { url = "https://files.pythonhosted.org/packages/57/62/208293d7d6b2a8998a4a1f23ac758648c3c32182d4ce4346062018362e29/numpy-2.3.3-pp311-pypy311_pp73-manylinux_2_27_aarch64.manylinux_2_28_aarch64.whl", hash = "sha256:8596ba2f8af5f93b01d97563832686d20206d303024777f6dfc2e7c7c3f1850e", size = 14420354, upload-time = "2025-09-09T15:58:52.704Z" },
    { url = "https://files.pythonhosted.org/packages/ed/0c/8e86e0ff7072e14a71b4c6af63175e40d1e7e933ce9b9e9f765a95b4e0c3/numpy-2.3.3-pp311-pypy311_pp73-manylinux_2_27_x86_64.manylinux_2_28_x86_64.whl", hash = "sha256:e1ec5615b05369925bd1125f27df33f3b6c8bc10d788d5999ecd8769a1fa04db", size = 16760413, upload-time = "2025-09-09T15:58:55.027Z" },
    { url = "https://files.pythonhosted.org/packages/af/11/0cc63f9f321ccf63886ac203336777140011fb669e739da36d8db3c53b98/numpy-2.3.3-pp311-pypy311_pp73-win_amd64.whl", hash = "sha256:2e267c7da5bf7309670523896df97f93f6e469fb931161f483cd6882b3b1a5dc", size = 12971844, upload-time = "2025-09-09T15:58:57.359Z" },
]

[[package]]
name = "psycopg"
version = "3.3.4"
source = { registry = "https://pypi.org/simple" }
dependencies = [
    { name = "typing-extensions" },
    { name = "tzdata", marker = "sys_platform == 'win32'" },
]
sdist = { url = "https://files.pythonhosted.org/packages/db/2f/cb91e5502ec9de1de6f1b76cfbf69531932725361168bb06963620c77e2e/psycopg-3.3.4.tar.gz", hash = "sha256:e21207764952cff81b6b8bdacad9a3939f2793367fdac2987b3aac36a651b5bc", size = 165799, upload-time = "2026-05-01T23:31:55.179Z" }
wheels = [
    { url = "https://files.pythonhosted.org/packages/5c/e0/7b3dee031daae7743609ce3c746565d4a3ed7c2c186479eb48e34e838c64/psycopg-3.3.4-py3-none-any.whl", hash = "sha256:b6bbc25ccf05c8fad3b061d9db2ef0909a555171b84b07f29458a447253d679a", size = 213001, upload-time = "2026-05-01T23:20:50.816Z" },
]

[package.optional-dependencies]
binary = [
    { name = "psycopg-binary", marker = "implementation_name != 'pypy'" },
]

[[package]]
name = "psycopg-binary"
version = "3.3.4"
source = { registry = "https://pypi.org/simple" }
wheels = [
    { url = "https://files.pythonhosted.org/packages/b6/82/df3312c0ca083d5b43b352f27d4dd8b1e614bd334473074715d9e0000da4/psycopg_binary-3.3.4-cp311-cp311-macosx_10_9_x86_64.whl", hash = "sha256:612a627d733f695b1de1f9b4bd511c15f999a5d8b915d444bbd7dd71cf3370da", size = 4609813, upload-time = "2026-05-01T23:26:30.612Z" },
    { url = "https://files.pythonhosted.org/packages/1f/b5/d74d542458d3e8ac0571d8a88f57ca369999b9a82f4fa528052d0d7d3e4c/psycopg_binary-3.3.4-cp311-cp311-macosx_11_0_arm64.whl", hash = "sha256:13a7f380824c35896dcac7fe0f61440f7ca49d6dc73f3c13a9a4471e6a3b302e", size = 4676799, upload-time = "2026-05-01T23:26:38.475Z" },
    { url = "https://files.pythonhosted.org/packages/09/67/06bab9c60671999f4c6ceff1b334f3ac1f9fc5789eb467c714623ea21de9/psycopg_binary-3.3.4-cp311-cp311-manylinux2014_ppc64le.manylinux_2_17_ppc64le.whl", hash = "sha256:276904e3452d6a23d474ef9a21eee19f20eed3d53ddd2576af033827e0ba0992", size = 5497050, upload-time = "2026-05-01T23:26:47.061Z" },
    { url = "https://files.pythonhosted.org/packages/72/9b/023433e2b20f970de1e22d29132a95281277646da0b2e2879dd4ee94b8c1/psycopg_binary-3.3.4-cp311-cp311-manylinux2014_x86_64.manylinux_2_17_x86_64.whl", hash = "sha256:ab8cca8ef8fb1ccf5b048ae5bd78ba55b9e4b5d472e3ce5ca39ff4d2a9c249e4", size = 5172428, upload-time = "2026-05-01T23:26:56.708Z" },
    { url = "https://files.pythonhosted.org/packages/08/cd/ae16da8fde228a38b2fe9269bbc13cf89e0186173f2265600f02d6a71e64/psycopg_binary-3.3.4-cp311-cp311-manylinux_2_27_aarch64.manylinux_2_28_aarch64.whl", hash = "sha256:7465bfe6087d2d5b42d4c53b9b11ca9f218e477317a4a162a10e3c19e984ba8e", size = 6762746, upload-time = "2026-05-01T23:27:07.023Z" },
    { url = "https://files.pythonhosted.org/packages/4f/81/0ba09fa5f5f88779093a2541a8e02489825721f258ab88058b11d68b3eb5/psycopg_binary-3.3.4-cp311-cp311-manylinux_2_38_riscv64.manylinux_2_39_riscv64.whl", hash = "sha256:22cdbf5f91ef7bb91fe0c5757e1962d3127a8010256eefd9c61fcaf441802097", size = 5006033, upload-time = "2026-05-01T23:27:12.221Z" },
    { url = "https://files.pythonhosted.org/packages/73/6a/629136040cc3497adb442a305710b5913f2a754d4630fc3d3717c4c0df65/psycopg_binary-3.3.4-cp311-cp311-musllinux_1_2_aarch64.whl", hash = "sha256:e2631da29253a98bd496e6c4813b24e09a4fe3fb2a9e88513305d6f8747cce95", size = 4534175, upload-time = "2026-05-01T23:27:18.248Z" },
    { url = "https://files.pythonhosted.org/packages/7c/32/1027f843c6dc2d5d51960ee62cc0c2cf755a4c39455aff1371173edbef7d/psycopg_binary-3.3.4-cp311-cp311-musllinux_1_2_ppc64le.whl", hash = "sha256:7f7668f30b9dd5163197e5cbf4e0efd54e00f0a859cc566ce56cfc31f4054839", size = 4224203, upload-time = "2026-05-01T23:27:24.3Z" },
    { url = "https://files.pythonhosted.org/packages/0b/e1/380a724d9093c74adb14d4fce920ea8327838abb61f760b1448586b14a8e/psycopg_binary-3.3.4-cp311-cp311-musllinux_1_2_riscv64.whl", hash = "sha256:cffc3408d77a27973f33e5d909b624cce683db5fc25964b02fe0aae7886c1007", size = 3954509, upload-time = "2026-05-01T23:27:30.815Z" },
    { url = "https://files.pythonhosted.org/packages/db/cd/895893ae575a09c97ccfd5def070d88993d955ef34df45a881fd5ff506d6/psycopg_binary-3.3.4-cp311-cp311-musllinux_1_2_x86_64.whl", hash = "sha256:0579252a1202cd73e4da137a1426e2dae993ae44e757605344282af3a082848c", size = 4259551, upload-time = "2026-05-01T23:27:38.828Z" },
    { url = "https://files.pythonhosted.org/packages/dd/c6/2330a20794e37a3ec609ef2fd8522919ec7a4395a1abf979a8e2d1775cd5/psycopg_binary-3.3.4-cp311-cp311-win_amd64.whl", hash = "sha256:41f2ec0fea529832982bcb6c9415de3c86264ebe562b77a467c0fbcd7efbba8d", size = 3572054, upload-time = "2026-05-01T23:27:45.455Z" },
]

[[package]]
name = "pymongo"
version = "4.17.0"
source = { registry = "https://pypi.org/simple" }
dependencies = [
    { name = "dnspython" },
]
sdist = { url = "https://files.pythonhosted.org/packages/ca/64/50be6fbac9c79fe2e4c17401a467da2d8764d82833d83cec325afe5cab32/pymongo-4.17.0.tar.gz", hash = "sha256:70ffa08ba641468cc068cf46c06b34f01a8ce3489f6411309fcb5ceabe6b2fc0", size = 2523370, upload-time = "2026-04-20T16:39:53.524Z" }
wheels = [
    { url = "https://files.pythonhosted.org/packages/c4/e2/336d86f221cf1b56b2ed9330d4a3b98f9f38f0b37829ae9a9184617d5419/pymongo-4.17.0-cp311-cp311-macosx_10_9_x86_64.whl", hash = "sha256:4141e6c6a339789b2974efa00ecd9409101672d77a0e3ee2cc3839eedf8ec4df", size = 874668, upload-time = "2026-04-20T16:37:41.39Z" },
    { url = "https://files.pythonhosted.org/packages/34/8e/75d3c6c935d187ab59c61e9c15d9aab3f274b563eaf1706e8cae5f508dec/pymongo-4.17.0-cp311-cp311-macosx_11_0_arm64.whl", hash = "sha256:e68c76b84e0c132d9dbf9307f12ff8185702328187a87b9aca8c941303873433", size = 875294, upload-time = "2026-04-20T16:37:43.432Z" },
    { url = "https://files.pythonhosted.org/packages/5f/ec/62e855744489dbcd54fd778aae4d80fa4c4819e8fb228ca0cf6f21a03997/pymongo-4.17.0-cp311-cp311-manylinux1_i686.manylinux_2_28_i686.manylinux_2_5_i686.whl", hash = "sha256:ba2195d4f386f839a52a23ea1cfd60ffaaba78a3d7841db51b7e433001139918", size = 1496233, upload-time = "2026-04-20T16:37:45.518Z" },
    { url = "https://files.pythonhosted.org/packages/82/e8/93e4e5e5ce8fdf8929dabeefe24aafa5ce046028eed0dfa8eeb936e72c49/pymongo-4.17.0-cp311-cp311-manylinux2014_aarch64.manylinux_2_17_aarch64.manylinux_2_28_aarch64.whl", hash = "sha256:8446ff4bfcb6ec2a2e50998c860986a1e992136f998b7f53e7a717fb8aa5a0b9", size = 1522927, upload-time = "2026-04-20T16:37:47.492Z" },
    { url = "https://files.pythonhosted.org/packages/f7/ca/425dc1d21e0f17bdea0072fc463f662f7fa06d2852af52975c9eced3c07c/pymongo-4.17.0-cp311-cp311-manylinux2014_ppc64le.manylinux_2_17_ppc64le.manylinux_2_28_ppc64le.whl", hash = "sha256:2a0d5ac205728c86e0a02192f1aa5f865b0d7d51f8df6101c01a69a7fc620d72", size = 1583468, upload-time = "2026-04-20T16:37:49.221Z" },
    { url = "https://files.pythonhosted.org/packages/b3/9d/f08b07eeffda1a43c1759f0fa625e88ae12360996eb56d42aad832fa7dff/pymongo-4.17.0-cp311-cp311-manylinux2014_s390x.manylinux_2_17_s390x.manylinux_2_28_s390x.whl", hash = "sha256:485c8a8eaa4c739f00a331fc73757898ee7c092c214a79e63866ff76aaf282ff", size = 1572787, upload-time = "2026-04-20T16:37:51.061Z" },
    { url = "https://files.pythonhosted.org/packages/e9/c2/6855a07aafa7b894929af23675b6fb9634800ce43122b76a62f6eeb8da2a/pymongo-4.17.0-cp311-cp311-manylinux2014_x86_64.manylinux_2_17_x86_64.manylinux_2_28_x86_64.whl", hash = "sha256:b2dfcc795f5b9fedbe179a11fdf6051581479d196582a3fe819a92a00e9b9969", size = 1526184, upload-time = "2026-04-20T16:37:53.358Z" },
    { url = "https://files.pythonhosted.org/packages/4e/05/c952bac7db71c1942ea3559fcd308b49754cc5004b455935fb4000d1f37b/pymongo-4.17.0-cp311-cp311-win32.whl", hash = "sha256:c2292144505fb12156b981bd440f3dc994a883da06ac726c0c8692ccdbc1c510", size = 852621, upload-time = "2026-04-20T16:37:55.28Z" },
    { url = "https://files.pythonhosted.org/packages/11/c0/c04da9f4c0c6252404598f4e394b862a58a9e866822a70ae261c8a018fdf/pymongo-4.17.0-cp311-cp311-win_amd64.whl", hash = "sha256:2e190827834fce70ecdf9d46796c6dbc0ce08ea87dc2ff5bc6f3f5579b605cb9", size = 867852, upload-time = "2026-04-20T16:37:57.233Z" },
    { url = "https://files.pythonhosted.org/packages/1d/b2/c7b4870fbeef471e947d3e014676f5910d02e0197074d692ebcf24ec049a/pymongo-4.17.0-cp311-cp311-win_arm64.whl", hash = "sha256:a8f9c40a09bb7d4b9fc8b1da65ecf6efa79bda5cb2756f39d9b6940fac1d19ae", size = 855019, upload-time = "2026-04-20T16:37:58.983Z" },
]

[[package]]
name = "typing-extensions"
version = "4.16.0"
source = { registry = "https://pypi.org/simple" }
sdist = { url = "https://files.pythonhosted.org/packages/f6/cc/6253133b5bb138fc3306cebfbda2c520f545d36b5be2c7255cc528bb45d6/typing_extensions-4.16.0.tar.gz", hash = "sha256:dc983d19a509c94dba722ee6abd33940f7c05a89e243c47e907eb4db6f1a43e5", size = 113555, upload-time = "2026-07-02T08:40:05.92Z" }
wheels = [
    { url = "https://files.pythonhosted.org/packages/49/d3/b8441a820a491ddfc024b0b0cf0393375b75ea13866d9c66727e54c2fc80/typing_extensions-4.16.0-py3-none-any.whl", hash = "sha256:481caa481374e813c1b176ada14e97f1f67a4539ce9cfeb3f350d78d6370c2e8", size = 45571, upload-time = "2026-07-02T08:40:04.659Z" },
]

[[package]]
name = "tzdata"
version = "2026.3"
source = { registry = "https://pypi.org/simple" }
sdist = { url = "https://files.pythonhosted.org/packages/92/ff/5a28bdfd8c3ebec42564ac7d0e54ca3db65044a9314a97f9564fa7a1e926/tzdata-2026.3.tar.gz", hash = "sha256:4a1518b8993086a7982523e071643f3c0e5f213e75b21318e78bcabfff9d1415", size = 198674, upload-time = "2026-07-10T08:50:37.887Z" }
wheels = [
    { url = "https://files.pythonhosted.org/packages/e5/6d/b53b99a9f2766d095985947a5782f1702cabb129a34f7a802d7197af832f/tzdata-2026.3-py2.py3-none-any.whl", hash = "sha256:dc096730c87af6cab1b171c9d532be840741ff5d459015e7f6947bd7d7e54931", size = 348168, upload-time = "2026-07-10T08:50:36.46Z" },
]
